// !$*UTF8*$!
{
	archiveVersion = 1;
	classes = {
	};
	objectVersion = 55;
	objects = {

/* Begin PBXBuildFile section */
		18DBA4912CA2BA4B005C7ADE /* AppDelegate.swift in Sources */ = {isa = PBXBuildFile; fileRef = 18DBA4902CA2BA4B005C7ADE /* AppDelegate.swift */; };
		18DBA4932CA2BA4B005C7ADE /* SceneDelegate.swift in Sources */ = {isa = PBXBuildFile; fileRef = 18DBA4922CA2BA4B005C7ADE /* SceneDelegate.swift */; };
		18DBA4952CA2BA4B005C7ADE /* ViewController.swift in Sources */ = {isa = PBXBuildFile; fileRef = 18DBA4942CA2BA4B005C7ADE /* ViewController.swift */; };
		18DBA4982CA2BA4B005C7ADE /* Main.storyboard in Resources */ = {isa = PBXBuildFile; fileRef = 18DBA4962CA2BA4B005C7ADE /* Main.storyboard */; };
		18DBA49A2CA2BA4C005C7ADE /* Assets.xcassets in Resources */ = {isa = PBXBuildFile; fileRef = 18DBA4992CA2BA4C005C7ADE /* Assets.xcassets */; };
		18DBA49D2CA2BA4C005C7ADE /* LaunchScreen.storyboard in Resources */ = {isa = PBXBuildFile; fileRef = 18DBA49B2CA2BA4C005C7ADE /* LaunchScreen.storyboard */; };
		18DBA4A52CA2C49A005C7ADE /* CaiDat.swift in Sources */ = {isa = PBXBuildFile; fileRef = 18DBA4A42CA2C49A005C7ADE /* CaiDat.swift */; };
/* End PBXBuildFile section */

/* Begin PBXFileReference section */
		18DBA48D2CA2BA4B005C7ADE /* baitap_tableview_bai2.app */ = {isa = PBXFileReference; explicitFileType = wrapper.application; includeInIndex = 0; path = baitap_tableview_bai2.app; sourceTree = BUILT_PRODUCTS_DIR; };
		18DBA4902CA2BA4B005C7ADE /* AppDelegate.swift */ = {isa = PBXFileReference; lastKnownFileType = sourcecode.swift; path = AppDelegate.swift; sourceTree = "<group>"; };
		18DBA4922CA2BA4B005C7ADE /* SceneDelegate.swift */ = {isa = PBXFileReference; lastKnownFileType = sourcecode.swift; path = SceneDelegate.swift; sourceTree = "<group>"; };
		18DBA4942CA2BA4B005C7ADE /* ViewController.swift */ = {isa = PBXFileReference; lastKnownFileType = sourcecode.swift; path = ViewController.swift; sourceTree = "<group>"; };
		18DBA4972CA2BA4B005C7ADE /* Base */ = {isa = PBXFileReference; lastKnownFileType = file.storyboard; name = Base; path = Base.lproj/Main.storyboard; sourceTree = "<group>"; };
		18DBA4992CA2BA4C005C7ADE /* Assets.xcassets */ = {isa = PBXFileReference; lastKnownFileType = folder.assetcatalog; path = Assets.xcassets; sourceTree = "<group>"; };
		18DBA49C2CA2BA4C005C7ADE /* Base */ = {isa = PBXFileReference; lastKnownFileType = file.storyboard; name = Base; path = Base.lproj/LaunchScreen.storyboard; sourceTree = "<group>"; };
		18DBA49E2CA2BA4C005C7ADE /* Info.plist */ = {isa = PBXFileReference; lastKnownFileType = text.plist.xml; path = Info.plist; sourceTree = "<group>"; };
		18DBA4A42CA2C49A005C7ADE /* CaiDat.swift */ = {isa = PBXFileReference; lastKnownFileType = sourcecode.swift; path = CaiDat.swift; sourceTree = "<group>"; };
/* End PBXFileReference section */

/* Begin PBXFrameworksBuildPhase section */
		18DBA48A2CA2BA4B005C7ADE /* Frameworks */ = {
			isa = PBXFrameworksBuildPhase;
			buildActionMask = 2147483647;
			files = (
			);
			runOnlyForDeploymentPostprocessing = 0;
		};
/* End PBXFrameworksBuildPhase section */

/* Begin PBXGroup section */
		18DBA4842CA2BA4B005C7ADE = {
			isa = PBXGroup;
			children = (
				18DBA48F2CA2BA4B005C7ADE /* baitap_tableview_bai2 */,
				18DBA48E2CA2BA4B005C7ADE /* Products */,
			);
			sourceTree = "<group>";
		};
		18DBA48E2CA2BA4B005C7ADE /* Products */ = {
			isa = PBXGroup;
			children = (
				18DBA48D2CA2BA4B005C7ADE /* baitap_tableview_bai2.app */,
			);
			name = Products;
			sourceTree = "<group>";
		};
		18DBA48F2CA2BA4B005C7ADE /* baitap_tableview_bai2 */ = {
			isa = PBXGroup;
			children = (
				18DBA4902CA2BA4B005C7ADE /* AppDelegate.swift */,
				18DBA4922CA2BA4B005C7ADE /* SceneDelegate.swift */,
				18DBA4942CA2BA4B005C7ADE /* ViewController.swift */,
				18DBA4962CA2BA4B005C7ADE /* Main.storyboard */,
				18DBA4992CA2BA4C005C7ADE /* Assets.xcassets */,
				18DBA49B2CA2BA4C005C7ADE /* LaunchScreen.storyboard */,
				18DBA49E2CA2BA4C005C7ADE /* Info.plist */,
				18DBA4A42CA2C49A005C7ADE /* CaiDat.swift */,
			);
			path = baitap_tableview_bai2;
			sourceTree = "<group>";
		};
/* End PBXGroup section */

/* Begin PBXNativeTarget section */
		18DBA48C2CA2BA4B005C7ADE /* baitap_tableview_bai2 */ = {
			isa = PBXNativeTarget;
			buildConfigurationList = 18DBA4A12CA2BA4C005C7ADE /* Build configuration list for PBXNativeTarget "baitap_tableview_bai2" */;
			buildPhases = (
				18DBA4892CA2BA4B005C7ADE /* Sources */,
				18DBA48A2CA2BA4B005C7ADE /* Frameworks */,
				18DBA48B2CA2BA4B005C7ADE /* Resources */,
			);
			buildRules = (
			);
			dependencies = (
			);
			name = baitap_tableview_bai2;
			productName = baitap_tableview_bai2;
			productReference = 18DBA48D2CA2BA4B005C7ADE /* baitap_tableview_bai2.app */;
			productType = "com.apple.product-type.application";
		};
/* End PBXNativeTarget section */

/* Begin PBXProject section */
		18DBA4852CA2BA4B005C7ADE /* Project object */ = {
			isa = PBXProject;
			attributes = {
				BuildIndependentTargetsInParallel = 1;
				LastSwiftUpdateCheck = 1320;
				LastUpgradeCheck = 1320;
				TargetAttributes = {
					18DBA48C2CA2BA4B005C7ADE = {
						CreatedOnToolsVersion = 13.2;
					};
				};
			};
			buildConfigurationList = 18DBA4882CA2BA4B005C7ADE /* Build configuration list for PBXProject "baitap_tableview_bai2" */;
			compatibilityVersion = "Xcode 13.0";
			developmentRegion = en;
			hasScannedForEncodings = 0;
			knownRegions = (
				en,
				Base,
			);
			mainGroup = 18DBA4842CA2BA4B005C7ADE;
			productRefGroup = 18DBA48E2CA2BA4B005C7ADE /* Products */;
			projectDirPath = "";
			projectRoot = "";
			targets = (
				18DBA48C2CA2BA4B005C7ADE /* baitap_tableview_bai2 */,
			);
		};
/* End PBXProject section */

/* Begin PBXResourcesBuildPhase section */
		18DBA48B2CA2BA4B005C7ADE /* Resources */ = {
			isa = PBXResourcesBuildPhase;
			buildActionMask = 2147483647;
			files = (
				18DBA49D2CA2BA4C005C7ADE /* LaunchScreen.storyboard in Resources */,
				18DBA49A2CA2BA4C005C7ADE /* Assets.xcassets in Resources */,
				18DBA4982CA2BA4B005C7ADE /* Main.storyboard in Resources */,
			);
			runOnlyForDeploymentPostprocessing = 0;
		};
/* End PBXResourcesBuildPhase section */

/* Begin PBXSourcesBuildPhase section */
		18DBA4892CA2BA4B005C7ADE /* Sources */ = {
			isa = PBXSourcesBuildPhase;
			buildActionMask = 2147483647;
			files = (
				18DBA4952CA2BA4B005C7ADE /* ViewController.swift in Sources */,
				18DBA4A52CA2C49A005C7ADE /* CaiDat.swift in Sources */,
				18DBA4912CA2BA4B005C7ADE /* AppDelegate.swift in Sources */,
				18DBA4932CA2BA4B005C7ADE /* SceneDelegate.swift in Sources */,
			);
			runOnlyForDeploymentPostprocessing = 0;
		};
/* End PBXSourcesBuildPhase section */

/* Begin PBXVariantGroup section */
		18DBA4962CA2BA4B005C7ADE /* Main.storyboard */ = {
			isa = PBXVariantGroup;
			children = (
				18DBA4972CA2BA4B005C7ADE /* Base */,
			);
			name = Main.storyboard;
			sourceTree = "<group>";
		};
		18DBA49B2CA2BA4C005C7ADE /* LaunchScreen.storyboard */ = {
			isa = PBXVariantGroup;
			children = (
				18DBA49C2CA2BA4C005C7ADE /* Base */,
			);
			name = LaunchScreen.storyboard;
			sourceTree = "<group>";
		};
/* End PBXVariantGroup section */

/* Begin XCBuildConfiguration section */
		18DBA49F2CA2BA4C005C7ADE /* Debug */ = {
			isa = XCBuildConfiguration;
			buildSettings = {
				ALWAYS_SEARCH_USER_PATHS = NO;
				CLANG_ANALYZER_NONNULL = YES;
				CLANG_ANALYZER_NUMBER_OBJECT_CONVERSION = YES_AGGRESSIVE;
				CLANG_CXX_LANGUAGE_STANDARD = "gnu++17";
				CLANG_CXX_LIBRARY = "libc++";
				CLANG_ENABLE_MODULES = YES;
				CLANG_ENABLE_OBJC_ARC = YES;
				CLANG_ENABLE_OBJC_WEAK = YES;
				CLANG_WARN_BLOCK_CAPTURE_AUTORELEASING = YES;
				CLANG_WARN_BOOL_CONVERSION = YES;
				CLANG_WARN_COMMA = YES;
				CLANG_WARN_CONSTANT_CONVERSION = YES;
				CLANG_WARN_DEPRECATED_OBJC_IMPLEMENTATIONS = YES;
				CLANG_WARN_DIRECT_OBJC_ISA_USAGE = YES_ERROR;
				CLANG_WARN_DOCUMENTATION_COMMENTS = YES;
				CLANG_WARN_EMPTY_BODY = YES;
				CLANG_WARN_ENUM_CONVERSION = YES;
				CLANG_WARN_INFINITE_RECURSION = YES;
				CLANG_WARN_INT_CONVERSION = YES;
				CLANG_WARN_NON_LITERAL_NULL_CONVERSION = YES;
				CLANG_WARN_OBJC_IMPLICIT_RETAIN_SELF = YES;
				CLANG_WARN_OBJC_LITERAL_CONVERSION = YES;
				CLANG_WARN_OBJC_ROOT_CLASS = YES_ERROR;
				CLANG_WARN_QUOTED_INCLUDE_IN_FRAMEWORK_HEADER = YES;
				CLANG_WARN_RANGE_LOOP_ANALYSIS = YES;
				CLANG_WARN_STRICT_PROTOTYPES = YES;
				CLANG_WARN_SUSPICIOUS_MOVE = YES;
				CLANG_WARN_UNGUARDED_AVAILABILITY = YES_AGGRESSIVE;
				CLANG_WARN_UNREACHABLE_CODE = YES;
				CLANG_WARN__DUPLICATE_METHOD_MATCH = YES;
				COPY_PHASE_STRIP = NO;
				DEBUG_INFORMATION_FORMAT = dwarf;
				ENABLE_STRICT_OBJC_MSGSEND = YES;
				ENABLE_TESTABILITY = YES;
				GCC_C_LANGUAGE_STANDARD = gnu11;
				GCC_DYNAMIC_NO_PIC = NO;
				GCC_NO_COMMON_BLOCKS = YES;
				GCC_OPTIMIZATION_LEVEL = 0;
				GCC_PREPROCESSOR_DEFINITIONS = (
					"DEBUG=1",
					"$(inherited)",
				);
				GCC_WARN_64_TO_32_BIT_CONVERSION = YES;
				GCC_WARN_ABOUT_RETURN_TYPE = YES_ERROR;
				GCC_WARN_UNDECLARED_SELECTOR = YES;
				GCC_WARN_UNINITIALIZED_AUTOS = YES_AGGRESSIVE;
				GCC_WARN_UNUSED_FUNCTION = YES;
				GCC_WARN_UNUSED_VARIABLE = YES;
				IPHONEOS_DEPLOYMENT_TARGET = 15.2;
				MTL_ENABLE_DEBUG_INFO = INCLUDE_SOURCE;
				MTL_FAST_MATH = YES;
				ONLY_ACTIVE_ARCH = YES;
				SDKROOT = iphoneos;
				SWIFT_ACTIVE_COMPILATION_CONDITIONS = DEBUG;
				SWIFT_OPTIMIZATION_LEVEL = "-Onone";
			};
			name = Debug;
		};
		18DBA4A02CA2BA4C005C7ADE /* Release */ = {
			isa = XCBuildConfiguration;
			buildSettings = {
				ALWAYS_SEARCH_USER_PATHS = NO;
				CLANG_ANALYZER_NONNULL = YES;
				CLANG_ANALYZER_NUMBER_OBJECT_CONVERSION = YES_AGGRESSIVE;
				CLANG_CXX_LANGUAGE_STANDARD = "gnu++17";
				CLANG_CXX_LIBRARY = "libc++";
				CLANG_ENABLE_MODULES = YES;
				CLANG_ENABLE_OBJC_ARC = YES;
				CLANG_ENABLE_OBJC_WEAK = YES;
				CLANG_WARN_BLOCK_CAPTURE_AUTORELEASING = YES;
				CLANG_WARN_BOOL_CONVERSION = YES;
				CLANG_WARN_COMMA = YES;
				CLANG_WARN_CONSTANT_CONVERSION = YES;
				CLANG_WARN_DEPRECATED_OBJC_IMPLEMENTATIONS = YES;
				CLANG_WARN_DIRECT_OBJC_ISA_USAGE = YES_ERROR;
				CLANG_WARN_DOCUMENTATION_COMMENTS = YES;
				CLANG_WARN_EMPTY_BODY = YES;
				CLANG_WARN_ENUM_CONVERSION = YES;
				CLANG_WARN_INFINITE_RECURSION = YES;
				CLANG_WARN_INT_CONVERSION = YES;
				CLANG_WARN_NON_LITERAL_NULL_CONVERSION = YES;
				CLANG_WARN_OBJC_IMPLICIT_RETAIN_SELF = YES;
				CLANG_WARN_OBJC_LITERAL_CONVERSION = YES;
				CLANG_WARN_OBJC_ROOT_CLASS = YES_ERROR;
				CLANG_WARN_QUOTED_INCLUDE_IN_FRAMEWORK_HEADER = YES;
				CLANG_WARN_RANGE_LOOP_ANALYSIS = YES;
				CLANG_WARN_STRICT_PROTOTYPES = YES;
				CLANG_WARN_SUSPICIOUS_MOVE = YES;
				CLANG_WARN_UNGUARDED_AVAILABILITY = YES_AGGRESSIVE;
				CLANG_WARN_UNREACHABLE_CODE = YES;
				CLANG_WARN__DUPLICATE_METHOD_MATCH = YES;
				COPY_PHASE_STRIP = NO;
				DEBUG_INFORMATION_FORMAT = "dwarf-with-dsym";
				ENABLE_NS_ASSERTIONS = NO;
				ENABLE_STRICT_OBJC_MSGSEND = YES;
				GCC_C_LANGUAGE_STANDARD = gnu11;
				GCC_NO_COMMON_BLOCKS = YES;
				GCC_WARN_64_TO_32_BIT_CONVERSION = YES;
				GCC_WARN_ABOUT_RETURN_TYPE = YES_ERROR;
				GCC_WARN_UNDECLARED_SELECTOR = YES;
				GCC_WARN_UNINITIALIZED_AUTOS = YES_AGGRESSIVE;
				GCC_WARN_UNUSED_FUNCTION = YES;
				GCC_WARN_UNUSED_VARIABLE = YES;
				IPHONEOS_DEPLOYMENT_TARGET = 15.2;
				MTL_ENABLE_DEBUG_INFO = NO;
				MTL_FAST_MATH = YES;
				SDKROOT = iphoneos;
				SWIFT_COMPILATION_MODE = wholemodule;
				SWIFT_OPTIMIZATION_LEVEL = "-O";
				VALIDATE_PRODUCT = YES;
			};
			name = Release;
		};
		18DBA4A22CA2BA4C005C7ADE /* Debug */ = {
			isa = XCBuildConfiguration;
			buildSettings = {
				ASSETCATALOG_COMPILER_APPICON_NAME = AppIcon;
				ASSETCATALOG_COMPILER_GLOBAL_ACCENT_COLOR_NAME = AccentColor;
				CODE_SIGN_STYLE = Automatic;
				CURRENT_PROJECT_VERSION = 1;
				GENERATE_INFOPLIST_FILE = YES;
				INFOPLIST_FILE = baitap_tableview_bai2/Info.plist;
				INFOPLIST_KEY_UIApplicationSupportsIndirectInputEvents = YES;
				INFOPLIST_KEY_UILaunchStoryboardName = LaunchScreen;
				INFOPLIST_KEY_UIMainStoryboardFile = Main;
				INFOPLIST_KEY_UISupportedInterfaceOrientations_iPad = "UIInterfaceOrientationPortrait UIInterfaceOrientationPortraitUpsideDown UIInterfaceOrientationLandscapeLeft UIInterfaceOrientationLandscapeRight";
				INFOPLIST_KEY_UISupportedInterfaceOrientations_iPhone = "UIInterfaceOrientationPortrait UIInterfaceOrientationLandscapeLeft UIInterfaceOrientationLandscapeRight";
				LD_RUNPATH_SEARCH_PATHS = (
					"$(inherited)",
					"@executable_path/Frameworks",
				);
				MARKETING_VERSION = 1.0;
				PRODUCT_BUNDLE_IDENTIFIER = "com.amipham.baitap-tableview-bai2";
				PRODUCT_NAME = "$(TARGET_NAME)";
				SWIFT_EMIT_LOC_STRINGS = YES;
				SWIFT_VERSION = 5.0;
				TARGETED_DEVICE_FAMILY = "1,2";
			};
			name = Debug;
		};
		18DBA4A32CA2BA4C005C7ADE /* Release */ = {
			isa = XCBuildConfiguration;
			buildSettings = {
				ASSETCATALOG_COMPILER_APPICON_NAME = AppIcon;
				ASSETCATALOG_COMPILER_GLOBAL_ACCENT_COLOR_NAME = AccentColor;
				CODE_SIGN_STYLE = Automatic;
				CURRENT_PROJECT_VERSION = 1;
				GENERATE_INFOPLIST_FILE = YES;
				INFOPLIST_FILE = baitap_tableview_bai2/Info.plist;
				INFOPLIST_KEY_UIApplicationSupportsIndirectInputEvents = YES;
				INFOPLIST_KEY_UILaunchStoryboardName = LaunchScreen;
				INFOPLIST_KEY_UIMainStoryboardFile = Main;
				INFOPLIST_KEY_UISupportedInterfaceOrientations_iPad = "UIInterfaceOrientationPortrait UIInterfaceOrientationPortraitUpsideDown UIInterfaceOrientationLandscapeLeft UIInterfaceOrientationLandscapeRight";
				INFOPLIST_KEY_UISupportedInterfaceOrientations_iPhone = "UIInterfaceOrientationPortrait UIInterfaceOrientationLandscapeLeft UIInterfaceOrientationLandscapeRight";
				LD_RUNPATH_SEARCH_PATHS = (
					"$(inherited)",
					"@executable_path/Frameworks",
				);
				MARKETING_VERSION = 1.0;
				PRODUCT_BUNDLE_IDENTIFIER = "com.amipham.baitap-tableview-bai2";
				PRODUCT_NAME = "$(TARGET_NAME)";
				SWIFT_EMIT_LOC_STRINGS = YES;
				SWIFT_VERSION = 5.0;
				TARGETED_DEVICE_FAMILY = "1,2";
			};
			name = Release;
		};
/* End XCBuildConfiguration section */

/* Begin XCConfigurationList section */
		18DBA4882CA2BA4B005C7ADE /* Build configuration list for PBXProject "baitap_tableview_bai2" */ = {
			isa = XCConfigurationList;
			buildConfigurations = (
				18DBA49F2CA2BA4C005C7ADE /* Debug */,
				18DBA4A02CA2BA4C005C7ADE /* Release */,
			);
			defaultConfigurationIsVisible = 0;
			defaultConfigurationName = Release;
		};
		18DBA4A12CA2BA4C005C7ADE /* Build configuration list for PBXNativeTarget "baitap_tableview_bai2" */ = {
			isa = XCConfigurationList;
			buildConfigurations = (
				18DBA4A22CA2BA4C005C7ADE /* Debug */,
				18DBA4A32CA2BA4C005C7ADE /* Release */,
			);
			defaultConfigurationIsVisible = 0;
			defaultConfigurationName = Release;
		};
/* End XCConfigurationList section */
	};
	rootObject = 18DBA4852CA2BA4B005C7ADE /* Project object */;
}
